
Microsoft Visual Studio Solution File, Format Version 12.00
# Visual Studio Version 16
VisualStudioVersion = 16.0.31205.134
MinimumVisualStudioVersion = 10.0.40219.1
Project("{FAE04EC0-301F-11D3-BF4B-00C04F79EFBC}") = "WeatherStation", "WeatherStation\WeatherStation.csproj", "{46065F2F-51F9-416F-B37A-0F1A359C7E50}"
EndProject
Global
	GlobalSection(SolutionConfigurationPlatforms) = preSolution
		Debug|Any CPU = Debug|Any CPU
		Release|Any CPU = Release|Any CPU
	EndGlobalSection
	GlobalSection(ProjectConfigurationPlatforms) = postSolution
		{46065F2F-51F9-416F-B37A-0F1A359C7E50}.Debug|Any CPU.ActiveCfg = Debug|Any CPU
		{46065F2F-51F9-416F-B37A-0F1A359C7E50}.Debug|Any CPU.Build.0 = Debug|Any CPU
		{46065F2F-51F9-416F-B37A-0F1A359C7E50}.Release|Any CPU.ActiveCfg = Release|Any CPU
		{46065F2F-51F9-416F-B37A-0F1A359C7E50}.Release|Any CPU.Build.0 = Release|Any CPU
	EndGlobalSection
	GlobalSection(SolutionProperties) = preSolution
		HideSolutionNode = FALSE
	EndGlobalSection
	GlobalSection(ExtensibilityGlobals) = postSolution
		SolutionGuid = {825805C7-213B-4A78-AC68-EE7AAE5CA1AC}
	EndGlobalSection
EndGlobal
